
Microsoft Visual Studio Solution File, Format Version 12.00
# Visual Studio 15
VisualStudioVersion = 15.0.27130.2036
MinimumVisualStudioVersion = 10.0.40219.1
Project("{00D1A9C2-B5F0-4AF3-8072-F6C62B433612}") = "Trading", "Trading.sqlproj", "{CBA2DA71-8F32-4E92-80A8-25A5DF21C63A}"
EndProject
Global
	GlobalSection(SolutionConfigurationPlatforms) = preSolution
		Debug|Any CPU = Debug|Any CPU
		Release|Any CPU = Release|Any CPU
	EndGlobalSection
	GlobalSection(ProjectConfigurationPlatforms) = postSolution
		{CBA2DA71-8F32-4E92-80A8-25A5DF21C63A}.Debug|Any CPU.ActiveCfg = Debug|Any CPU
		{CBA2DA71-8F32-4E92-80A8-25A5DF21C63A}.Debug|Any CPU.Build.0 = Debug|Any CPU
		{CBA2DA71-8F32-4E92-80A8-25A5DF21C63A}.Debug|Any CPU.Deploy.0 = Debug|Any CPU
		{CBA2DA71-8F32-4E92-80A8-25A5DF21C63A}.Release|Any CPU.ActiveCfg = Release|Any CPU
		{CBA2DA71-8F32-4E92-80A8-25A5DF21C63A}.Release|Any CPU.Build.0 = Release|Any CPU
		{CBA2DA71-8F32-4E92-80A8-25A5DF21C63A}.Release|Any CPU.Deploy.0 = Release|Any CPU
	EndGlobalSection
	GlobalSection(SolutionProperties) = preSolution
		HideSolutionNode = FALSE
	EndGlobalSection
	GlobalSection(ExtensibilityGlobals) = postSolution
		SolutionGuid = {9D566125-0207-4208-A8F1-71298D5E6698}
	EndGlobalSection
EndGlobal
